<?xml version="1.0" encoding="utf-8"?>
<Project ToolsVersion="4.0" xmlns="http://schemas.microsoft.com/developer/msbuild/2003">
  <ItemGroup>
    <Filter Include="Source Files">
      <UniqueIdentifier>{919d023c-9a66-47f6-968e-fce5e0974dd9}</UniqueIdentifier>
      <Extensions>cpp;c;cxx;rc;def;r;odl;idl;hpj;bat</Extensions>
    </Filter>
    <Filter Include="Header Files">
      <UniqueIdentifier>{be0e5aaa-0ba5-4812-9007-e5eebd8d66d2}</UniqueIdentifier>
      <Extensions>h;hpp;hxx;hm;inl</Extensions>
    </Filter>
    <Filter Include="Resource Files">
      <UniqueIdentifier>{af99796c-1e17-4755-93b4-a1d8daaa8167}</UniqueIdentifier>
      <Extensions>ico;cur;bmp;dlg;rc2;rct;bin;rgs;gif;jpg;jpeg;jpe</Extensions>
    </Filter>
  </ItemGroup>
  <ItemGroup>
    <ClCompile Include="..\src\coucal\coucal.c">
      <Filter>Source Files</Filter>
    </ClCompile>
    <ClCompile Include="..\src\htsalias.c">
      <Filter>Source Files</Filter>
    </ClCompile>
    <ClCompile Include="..\src\htsback.c">
      <Filter>Source Files</Filter>
    </ClCompile>
    <ClCompile Include="..\src\htsbauth.c">
      <Filter>Source Files</Filter>
    </ClCompile>
    <ClCompile Include="..\src\htscache.c">
      <Filter>Source Files</Filter>
    </ClCompile>
    <ClCompile Include="..\src\htscatchurl.c">
      <Filter>Source Files</Filter>
    </ClCompile>
    <ClCompile Include="..\src\htscharset.c">
      <Filter>Source Files</Filter>
    </ClCompile>
    <ClCompile Include="..\src\htsconcat.c">
      <Filter>Source Files</Filter>
    </ClCompile>
    <ClCompile Include="..\src\htscore.c">
      <Filter>Source Files</Filter>
    </ClCompile>
    <ClCompile Include="..\src\htscoremain.c">
      <Filter>Source Files</Filter>
    </ClCompile>
    <ClCompile Include="..\src\htsencoding.c">
      <Filter>Source Files</Filter>
    </ClCompile>
    <ClCompile Include="..\src\htsfilters.c">
      <Filter>Source Files</Filter>
    </ClCompile>
    <ClCompile Include="..\src\htsftp.c">
      <Filter>Source Files</Filter>
    </ClCompile>
    <ClCompile Include="..\src\htshash.c">
      <Filter>Source Files</Filter>
    </ClCompile>
    <ClCompile Include="..\src\htshelp.c">
      <Filter>Source Files</Filter>
    </ClCompile>
    <ClCompile Include="..\src\htsindex.c">
      <Filter>Source Files</Filter>
    </ClCompile>
    <ClCompile Include="..\src\htslib.c">
      <Filter>Source Files</Filter>
    </ClCompile>
    <ClCompile Include="..\src\htsmd5.c">
      <Filter>Source Files</Filter>
    </ClCompile>
    <ClCompile Include="..\src\htsmodules.c">
      <Filter>Source Files</Filter>
    </ClCompile>
    <ClCompile Include="..\src\htsname.c">
      <Filter>Source Files</Filter>
    </ClCompile>
    <ClCompile Include="..\src\htsparse.c">
      <Filter>Source Files</Filter>
    </ClCompile>
    <ClCompile Include="..\src\htsrobots.c">
      <Filter>Source Files</Filter>
    </ClCompile>
    <ClCompile Include="..\src\htsthread.c">
      <Filter>Source Files</Filter>
    </ClCompile>
    <ClCompile Include="..\src\htstools.c">
      <Filter>Source Files</Filter>
    </ClCompile>
    <ClCompile Include="..\src\htswizard.c">
      <Filter>Source Files</Filter>
    </ClCompile>
    <ClCompile Include="..\src\htswrap.c">
      <Filter>Source Files</Filter>
    </ClCompile>
    <ClCompile Include="..\src\htszlib.c">
      <Filter>Source Files</Filter>
    </ClCompile>
    <ClCompile Include="..\src\httrack.c">
      <Filter>Source Files</Filter>
    </ClCompile>
    <ClCompile Include="..\src\minizip\ioapi.c">
      <Filter>Source Files</Filter>
    </ClCompile>
    <ClCompile Include="..\src\minizip\iowin32.c">
      <Filter>Source Files</Filter>
    </ClCompile>
    <ClCompile Include="..\src\md5.c">
      <Filter>Source Files</Filter>
    </ClCompile>
    <ClCompile Include="..\src\minizip\mztools.c">
      <Filter>Source Files</Filter>
    </ClCompile>
    <ClCompile Include="..\src\punycode.c">
      <Filter>Source Files</Filter>
    </ClCompile>
    <ClCompile Include="..\src\minizip\unzip.c">
      <Filter>Source Files</Filter>
    </ClCompile>
    <ClCompile Include="..\src\minizip\zip.c">
      <Filter>Source Files</Filter>
    </ClCompile>
  </ItemGroup>
  <ItemGroup>
    <ClInclude Include="..\src\mmsrip\common.h">
      <Filter>Header Files</Filter>
    </ClInclude>
    <ClInclude Include="..\src\coucal\coucal.h">
      <Filter>Header Files</Filter>
    </ClInclude>
    <ClInclude Include="..\src\minizip\crypt.h">
      <Filter>Header Files</Filter>
    </ClInclude>
    <ClInclude Include="..\src\hts-indextmpl.h">
      <Filter>Header Files</Filter>
    </ClInclude>
    <ClInclude Include="..\src\htsalias.h">
      <Filter>Header Files</Filter>
    </ClInclude>
    <ClInclude Include="..\src\htsback.h">
      <Filter>Header Files</Filter>
    </ClInclude>
    <ClInclude Include="..\src\htsbase.h">
      <Filter>Header Files</Filter>
    </ClInclude>
    <ClInclude Include="..\src\htsbasenet.h">
      <Filter>Header Files</Filter>
    </ClInclude>
    <ClInclude Include="..\src\htsbauth.h">
      <Filter>Header Files</Filter>
    </ClInclude>
    <ClInclude Include="..\src\htscache.h">
      <Filter>Header Files</Filter>
    </ClInclude>
    <ClInclude Include="..\src\htscatchurl.h">
      <Filter>Header Files</Filter>
    </ClInclude>
    <ClInclude Include="..\src\htsconfig.h">
      <Filter>Header Files</Filter>
    </ClInclude>
    <ClInclude Include="..\src\htscore.h">
      <Filter>Header Files</Filter>
    </ClInclude>
    <ClInclude Include="..\src\htscoremain.h">
      <Filter>Header Files</Filter>
    </ClInclude>
    <ClInclude Include="..\src\htsdefines.h">
      <Filter>Header Files</Filter>
    </ClInclude>
    <ClInclude Include="..\src\htsfilters.h">
      <Filter>Header Files</Filter>
    </ClInclude>
    <ClInclude Include="..\src\htsftp.h">
      <Filter>Header Files</Filter>
    </ClInclude>
    <ClInclude Include="..\src\htsglobal.h">
      <Filter>Header Files</Filter>
    </ClInclude>
    <ClInclude Include="..\src\htshash.h">
      <Filter>Header Files</Filter>
    </ClInclude>
    <ClInclude Include="..\src\htshelp.h">
      <Filter>Header Files</Filter>
    </ClInclude>
    <ClInclude Include="..\src\htsindex.h">
      <Filter>Header Files</Filter>
    </ClInclude>
    <ClInclude Include="..\src\htslib.h">
      <Filter>Header Files</Filter>
    </ClInclude>
    <ClInclude Include="..\src\htsmd5.h">
      <Filter>Header Files</Filter>
    </ClInclude>
    <ClInclude Include="..\src\htsmodules.h">
      <Filter>Header Files</Filter>
    </ClInclude>
    <ClInclude Include="..\src\htsname.h">
      <Filter>Header Files</Filter>
    </ClInclude>
    <ClInclude Include="..\src\htsnet.h">
      <Filter>Header Files</Filter>
    </ClInclude>
    <ClInclude Include="..\src\htsopt.h">
      <Filter>Header Files</Filter>
    </ClInclude>
    <ClInclude Include="..\src\htsparse.h">
      <Filter>Header Files</Filter>
    </ClInclude>
    <ClInclude Include="..\src\htsrobots.h">
      <Filter>Header Files</Filter>
    </ClInclude>
    <ClInclude Include="..\src\htsstrings.h">
      <Filter>Header Files</Filter>
    </ClInclude>
    <ClInclude Include="..\src\htsthread.h">
      <Filter>Header Files</Filter>
    </ClInclude>
    <ClInclude Include="..\src\htstools.h">
      <Filter>Header Files</Filter>
    </ClInclude>
    <ClInclude Include="..\src\htswizard.h">
      <Filter>Header Files</Filter>
    </ClInclude>
    <ClInclude Include="..\src\htswrap.h">
      <Filter>Header Files</Filter>
    </ClInclude>
    <ClInclude Include="..\src\htszlib.h">
      <Filter>Header Files</Filter>
    </ClInclude>
    <ClInclude Include="..\src\httrack-library.h">
      <Filter>Header Files</Filter>
    </ClInclude>
    <ClInclude Include="..\src\httrack.h">
      <Filter>Header Files</Filter>
    </ClInclude>
    <ClInclude Include="..\src\minizip\ioapi.h">
      <Filter>Header Files</Filter>
    </ClInclude>
    <ClInclude Include="..\src\minizip\iowin32.h">
      <Filter>Header Files</Filter>
    </ClInclude>
    <ClInclude Include="..\src\md5.h">
      <Filter>Header Files</Filter>
    </ClInclude>
    <ClInclude Include="..\src\minizip\mztools.h">
      <Filter>Header Files</Filter>
    </ClInclude>
    <ClInclude Include="..\src\punycode.h">
      <Filter>Header Files</Filter>
    </ClInclude>
    <ClInclude Include="..\src\minizip\unzip.h">
      <Filter>Header Files</Filter>
    </ClInclude>
    <ClInclude Include="..\src\minizip\zip.h">
      <Filter>Header Files</Filter>
    </ClInclude>
  </ItemGroup>
  <ItemGroup>
    <None Include="changelog.txt" />
    <None Include="packages.config" />
  </ItemGroup>
</Project>